
Microsoft Visual Studio Solution File, Format Version 12.00
# Visual Studio Version 17
VisualStudioVersion = 17.4.33122.133
MinimumVisualStudioVersion = 10.0.40219.1
Project("{FAE04EC0-301F-11D3-BF4B-00C04F79EFBC}") = "gitcollab", "gitcollab\gitcollab.csproj", "{E8C6EB6C-8EB9-4DCA-AFC1-D818DE91F99E}"
EndProject
Global
	GlobalSection(SolutionConfigurationPlatforms) = preSolution
		Debug|Any CPU = Debug|Any CPU
		Release|Any CPU = Release|Any CPU
	EndGlobalSection
	GlobalSection(ProjectConfigurationPlatforms) = postSolution
		{E8C6EB6C-8EB9-4DCA-AFC1-D818DE91F99E}.Debug|Any CPU.ActiveCfg = Debug|Any CPU
		{E8C6EB6C-8EB9-4DCA-AFC1-D818DE91F99E}.Debug|Any CPU.Build.0 = Debug|Any CPU
		{E8C6EB6C-8EB9-4DCA-AFC1-D818DE91F99E}.Release|Any CPU.ActiveCfg = Release|Any CPU
		{E8C6EB6C-8EB9-4DCA-AFC1-D818DE91F99E}.Release|Any CPU.Build.0 = Release|Any CPU
	EndGlobalSection
	GlobalSection(SolutionProperties) = preSolution
		HideSolutionNode = FALSE
	EndGlobalSection
	GlobalSection(ExtensibilityGlobals) = postSolution
		SolutionGuid = {728E1F77-A2DE-43D0-BE49-21663C67014E}
	EndGlobalSection
EndGlobal
